// !$*UTF8*$!
{
	archiveVersion = 1;
	classes = {
	};
	objectVersion = 56;
	objects = {

/* Begin PBXBuildFile section */
		353A6B892BB6358000B09B0A /* XIAssistantApp.swift in Sources */ = {isa = PBXBuildFile; fileRef = 353A6B882BB6358000B09B0A /* XIAssistantApp.swift */; };
		353A6B8B2BB6358000B09B0A /* ContentView.swift in Sources */ = {isa = PBXBuildFile; fileRef = 353A6B8A2BB6358000B09B0A /* ContentView.swift */; };
		353A6B8D2BB6358100B09B0A /* Assets.xcassets in Resources */ = {isa = PBXBuildFile; fileRef = 353A6B8C2BB6358100B09B0A /* Assets.xcassets */; };
		353A6B902BB6358100B09B0A /* Preview Assets.xcassets in Resources */ = {isa = PBXBuildFile; fileRef = 353A6B8F2BB6358100B09B0A /* Preview Assets.xcassets */; };
		353A6B9E2BB635C600B09B0A /* Cocoa.framework in Frameworks */ = {isa = PBXBuildFile; fileRef = 353A6B9D2BB635C600B09B0A /* Cocoa.framework */; };
		353A6BA32BB635C600B09B0A /* SourceEditorExtension.swift in Sources */ = {isa = PBXBuildFile; fileRef = 353A6BA22BB635C600B09B0A /* SourceEditorExtension.swift */; };
		353A6BA52BB635C600B09B0A /* DocumentCodeCommand.swift in Sources */ = {isa = PBXBuildFile; fileRef = 353A6BA42BB635C600B09B0A /* DocumentCodeCommand.swift */; };
		353A6BAA2BB635C600B09B0A /* Local IA Assistant.appex in Embed Foundation Extensions */ = {isa = PBXBuildFile; fileRef = 353A6B9B2BB635C600B09B0A /* Local IA Assistant.appex */; settings = {ATTRIBUTES = (RemoveHeadersOnCopy, ); }; };
		353A6BAF2BB63A2700B09B0A /* XcodeKit.framework in Frameworks */ = {isa = PBXBuildFile; fileRef = 353A6B9F2BB635C600B09B0A /* XcodeKit.framework */; };
		353A6BB02BB63A2700B09B0A /* XcodeKit.framework in Embed Frameworks */ = {isa = PBXBuildFile; fileRef = 353A6B9F2BB635C600B09B0A /* XcodeKit.framework */; settings = {ATTRIBUTES = (CodeSignOnCopy, RemoveHeadersOnCopy, ); }; };
		353A6BB32BB64E1000B09B0A /* Array+Extensions.swift in Sources */ = {isa = PBXBuildFile; fileRef = 353A6BB22BB64E1000B09B0A /* Array+Extensions.swift */; };
		353A6BB62BB8695100B09B0A /* CodeSelection.swift in Sources */ = {isa = PBXBuildFile; fileRef = 353A6BB52BB8695100B09B0A /* CodeSelection.swift */; };
		353A6BB82BB8ABFC00B09B0A /* GenerateCodeCommand.swift in Sources */ = {isa = PBXBuildFile; fileRef = 353A6BB72BB8ABFC00B09B0A /* GenerateCodeCommand.swift */; };
		353A6BBA2BB8BC9400B09B0A /* AssistantProvider.swift in Sources */ = {isa = PBXBuildFile; fileRef = 353A6BB92BB8BC9400B09B0A /* AssistantProvider.swift */; };
		3579AE562BB9F33400ABE5B2 /* XCSourceEditorCommand+Extension.swift in Sources */ = {isa = PBXBuildFile; fileRef = 3579AE552BB9F33400ABE5B2 /* XCSourceEditorCommand+Extension.swift */; };
/* End PBXBuildFile section */

/* Begin PBXContainerItemProxy section */
		353A6BA82BB635C600B09B0A /* PBXContainerItemProxy */ = {
			isa = PBXContainerItemProxy;
			containerPortal = 353A6B7D2BB6358000B09B0A /* Project object */;
			proxyType = 1;
			remoteGlobalIDString = 353A6B9A2BB635C600B09B0A;
			remoteInfo = XIAssistantPlugin;
		};
/* End PBXContainerItemProxy section */

/* Begin PBXCopyFilesBuildPhase section */
		353A6BAE2BB635C600B09B0A /* Embed Foundation Extensions */ = {
			isa = PBXCopyFilesBuildPhase;
			buildActionMask = 2147483647;
			dstPath = "";
			dstSubfolderSpec = 13;
			files = (
				353A6BAA2BB635C600B09B0A /* Local IA Assistant.appex in Embed Foundation Extensions */,
			);
			name = "Embed Foundation Extensions";
			runOnlyForDeploymentPostprocessing = 0;
		};
		353A6BB12BB63A2700B09B0A /* Embed Frameworks */ = {
			isa = PBXCopyFilesBuildPhase;
			buildActionMask = 2147483647;
			dstPath = "";
			dstSubfolderSpec = 10;
			files = (
				353A6BB02BB63A2700B09B0A /* XcodeKit.framework in Embed Frameworks */,
			);
			name = "Embed Frameworks";
			runOnlyForDeploymentPostprocessing = 0;
		};
/* End PBXCopyFilesBuildPhase section */

/* Begin PBXFileReference section */
		353A6B852BB6358000B09B0A /* XIAssistant.app */ = {isa = PBXFileReference; explicitFileType = wrapper.application; includeInIndex = 0; path = XIAssistant.app; sourceTree = BUILT_PRODUCTS_DIR; };
		353A6B882BB6358000B09B0A /* XIAssistantApp.swift */ = {isa = PBXFileReference; lastKnownFileType = sourcecode.swift; path = XIAssistantApp.swift; sourceTree = "<group>"; };
		353A6B8A2BB6358000B09B0A /* ContentView.swift */ = {isa = PBXFileReference; lastKnownFileType = sourcecode.swift; path = ContentView.swift; sourceTree = "<group>"; };
		353A6B8C2BB6358100B09B0A /* Assets.xcassets */ = {isa = PBXFileReference; lastKnownFileType = folder.assetcatalog; path = Assets.xcassets; sourceTree = "<group>"; };
		353A6B8F2BB6358100B09B0A /* Preview Assets.xcassets */ = {isa = PBXFileReference; lastKnownFileType = folder.assetcatalog; path = "Preview Assets.xcassets"; sourceTree = "<group>"; };
		353A6B912BB6358100B09B0A /* App.entitlements */ = {isa = PBXFileReference; lastKnownFileType = text.plist.entitlements; path = App.entitlements; sourceTree = "<group>"; };
		353A6B9B2BB635C600B09B0A /* Local IA Assistant.appex */ = {isa = PBXFileReference; explicitFileType = "wrapper.app-extension"; includeInIndex = 0; path = "Local IA Assistant.appex"; sourceTree = BUILT_PRODUCTS_DIR; };
		353A6B9D2BB635C600B09B0A /* Cocoa.framework */ = {isa = PBXFileReference; lastKnownFileType = wrapper.framework; name = Cocoa.framework; path = System/Library/Frameworks/Cocoa.framework; sourceTree = SDKROOT; };
		353A6B9F2BB635C600B09B0A /* XcodeKit.framework */ = {isa = PBXFileReference; lastKnownFileType = wrapper.framework; name = XcodeKit.framework; path = Library/Frameworks/XcodeKit.framework; sourceTree = DEVELOPER_DIR; };
		353A6BA22BB635C600B09B0A /* SourceEditorExtension.swift */ = {isa = PBXFileReference; lastKnownFileType = sourcecode.swift; path = SourceEditorExtension.swift; sourceTree = "<group>"; };
		353A6BA42BB635C600B09B0A /* DocumentCodeCommand.swift */ = {isa = PBXFileReference; lastKnownFileType = sourcecode.swift; path = DocumentCodeCommand.swift; sourceTree = "<group>"; };
		353A6BA62BB635C600B09B0A /* Info.plist */ = {isa = PBXFileReference; lastKnownFileType = text.plist.xml; path = Info.plist; sourceTree = "<group>"; };
		353A6BA72BB635C600B09B0A /* Plugin.entitlements */ = {isa = PBXFileReference; lastKnownFileType = text.plist.entitlements; path = Plugin.entitlements; sourceTree = "<group>"; };
		353A6BB22BB64E1000B09B0A /* Array+Extensions.swift */ = {isa = PBXFileReference; lastKnownFileType = sourcecode.swift; path = "Array+Extensions.swift"; sourceTree = "<group>"; };
		353A6BB52BB8695100B09B0A /* CodeSelection.swift */ = {isa = PBXFileReference; lastKnownFileType = sourcecode.swift; path = CodeSelection.swift; sourceTree = "<group>"; };
		353A6BB72BB8ABFC00B09B0A /* GenerateCodeCommand.swift */ = {isa = PBXFileReference; lastKnownFileType = sourcecode.swift; path = GenerateCodeCommand.swift; sourceTree = "<group>"; };
		353A6BB92BB8BC9400B09B0A /* AssistantProvider.swift */ = {isa = PBXFileReference; lastKnownFileType = sourcecode.swift; path = AssistantProvider.swift; sourceTree = "<group>"; };
		3579AE552BB9F33400ABE5B2 /* XCSourceEditorCommand+Extension.swift */ = {isa = PBXFileReference; lastKnownFileType = sourcecode.swift; path = "XCSourceEditorCommand+Extension.swift"; sourceTree = "<group>"; };
/* End PBXFileReference section */

/* Begin PBXFrameworksBuildPhase section */
		353A6B822BB6358000B09B0A /* Frameworks */ = {
			isa = PBXFrameworksBuildPhase;
			buildActionMask = 2147483647;
			files = (
			);
			runOnlyForDeploymentPostprocessing = 0;
		};
		353A6B982BB635C600B09B0A /* Frameworks */ = {
			isa = PBXFrameworksBuildPhase;
			buildActionMask = 2147483647;
			files = (
				353A6B9E2BB635C600B09B0A /* Cocoa.framework in Frameworks */,
				353A6BAF2BB63A2700B09B0A /* XcodeKit.framework in Frameworks */,
			);
			runOnlyForDeploymentPostprocessing = 0;
		};
/* End PBXFrameworksBuildPhase section */

/* Begin PBXGroup section */
		353A6B7C2BB6358000B09B0A = {
			isa = PBXGroup;
			children = (
				353A6B872BB6358000B09B0A /* XIAssistant */,
				353A6BA12BB635C600B09B0A /* XIAssistantPlugin */,
				353A6B9C2BB635C600B09B0A /* Frameworks */,
				353A6B862BB6358000B09B0A /* Products */,
			);
			sourceTree = "<group>";
		};
		353A6B862BB6358000B09B0A /* Products */ = {
			isa = PBXGroup;
			children = (
				353A6B852BB6358000B09B0A /* XIAssistant.app */,
				353A6B9B2BB635C600B09B0A /* Local IA Assistant.appex */,
			);
			name = Products;
			sourceTree = "<group>";
		};
		353A6B872BB6358000B09B0A /* XIAssistant */ = {
			isa = PBXGroup;
			children = (
				353A6B882BB6358000B09B0A /* XIAssistantApp.swift */,
				353A6B8A2BB6358000B09B0A /* ContentView.swift */,
				353A6B8C2BB6358100B09B0A /* Assets.xcassets */,
				353A6B912BB6358100B09B0A /* App.entitlements */,
				353A6B8E2BB6358100B09B0A /* Preview Content */,
			);
			path = XIAssistant;
			sourceTree = "<group>";
		};
		353A6B8E2BB6358100B09B0A /* Preview Content */ = {
			isa = PBXGroup;
			children = (
				353A6B8F2BB6358100B09B0A /* Preview Assets.xcassets */,
			);
			path = "Preview Content";
			sourceTree = "<group>";
		};
		353A6B9C2BB635C600B09B0A /* Frameworks */ = {
			isa = PBXGroup;
			children = (
				353A6B9D2BB635C600B09B0A /* Cocoa.framework */,
				353A6B9F2BB635C600B09B0A /* XcodeKit.framework */,
			);
			name = Frameworks;
			sourceTree = "<group>";
		};
		353A6BA12BB635C600B09B0A /* XIAssistantPlugin */ = {
			isa = PBXGroup;
			children = (
				3579AE542BB9F32200ABE5B2 /* Extensions */,
				353A6BB42BB8693D00B09B0A /* Common */,
				353A6BA22BB635C600B09B0A /* SourceEditorExtension.swift */,
				353A6BB72BB8ABFC00B09B0A /* GenerateCodeCommand.swift */,
				353A6BA42BB635C600B09B0A /* DocumentCodeCommand.swift */,
				353A6BA62BB635C600B09B0A /* Info.plist */,
				353A6BA72BB635C600B09B0A /* Plugin.entitlements */,
				353A6BB22BB64E1000B09B0A /* Array+Extensions.swift */,
			);
			path = XIAssistantPlugin;
			sourceTree = "<group>";
		};
		353A6BB42BB8693D00B09B0A /* Common */ = {
			isa = PBXGroup;
			children = (
				353A6BB52BB8695100B09B0A /* CodeSelection.swift */,
				353A6BB92BB8BC9400B09B0A /* AssistantProvider.swift */,
			);
			path = Common;
			sourceTree = "<group>";
		};
		3579AE542BB9F32200ABE5B2 /* Extensions */ = {
			isa = PBXGroup;
			children = (
				3579AE552BB9F33400ABE5B2 /* XCSourceEditorCommand+Extension.swift */,
			);
			path = Extensions;
			sourceTree = "<group>";
		};
/* End PBXGroup section */

/* Begin PBXNativeTarget section */
		353A6B842BB6358000B09B0A /* XIAssistant */ = {
			isa = PBXNativeTarget;
			buildConfigurationList = 353A6B942BB6358100B09B0A /* Build configuration list for PBXNativeTarget "XIAssistant" */;
			buildPhases = (
				353A6B812BB6358000B09B0A /* Sources */,
				353A6B822BB6358000B09B0A /* Frameworks */,
				353A6B832BB6358000B09B0A /* Resources */,
				353A6BAE2BB635C600B09B0A /* Embed Foundation Extensions */,
			);
			buildRules = (
			);
			dependencies = (
				353A6BA92BB635C600B09B0A /* PBXTargetDependency */,
			);
			name = XIAssistant;
			productName = XIAssistant;
			productReference = 353A6B852BB6358000B09B0A /* XIAssistant.app */;
			productType = "com.apple.product-type.application";
		};
		353A6B9A2BB635C600B09B0A /* XIAssistantPlugin */ = {
			isa = PBXNativeTarget;
			buildConfigurationList = 353A6BAB2BB635C600B09B0A /* Build configuration list for PBXNativeTarget "XIAssistantPlugin" */;
			buildPhases = (
				353A6B972BB635C600B09B0A /* Sources */,
				353A6B982BB635C600B09B0A /* Frameworks */,
				353A6B992BB635C600B09B0A /* Resources */,
				353A6BB12BB63A2700B09B0A /* Embed Frameworks */,
			);
			buildRules = (
			);
			dependencies = (
			);
			name = XIAssistantPlugin;
			productName = XIAssistantPlugin;
			productReference = 353A6B9B2BB635C600B09B0A /* Local IA Assistant.appex */;
			productType = "com.apple.product-type.xcode-extension";
		};
/* End PBXNativeTarget section */

/* Begin PBXProject section */
		353A6B7D2BB6358000B09B0A /* Project object */ = {
			isa = PBXProject;
			attributes = {
				BuildIndependentTargetsInParallel = 1;
				LastSwiftUpdateCheck = 1530;
				LastUpgradeCheck = 1530;
				TargetAttributes = {
					353A6B842BB6358000B09B0A = {
						CreatedOnToolsVersion = 15.3;
					};
					353A6B9A2BB635C600B09B0A = {
						CreatedOnToolsVersion = 15.3;
					};
				};
			};
			buildConfigurationList = 353A6B802BB6358000B09B0A /* Build configuration list for PBXProject "XIAssistant" */;
			compatibilityVersion = "Xcode 14.0";
			developmentRegion = en;
			hasScannedForEncodings = 0;
			knownRegions = (
				en,
				Base,
			);
			mainGroup = 353A6B7C2BB6358000B09B0A;
			productRefGroup = 353A6B862BB6358000B09B0A /* Products */;
			projectDirPath = "";
			projectRoot = "";
			targets = (
				353A6B842BB6358000B09B0A /* XIAssistant */,
				353A6B9A2BB635C600B09B0A /* XIAssistantPlugin */,
			);
		};
/* End PBXProject section */

/* Begin PBXResourcesBuildPhase section */
		353A6B832BB6358000B09B0A /* Resources */ = {
			isa = PBXResourcesBuildPhase;
			buildActionMask = 2147483647;
			files = (
				353A6B902BB6358100B09B0A /* Preview Assets.xcassets in Resources */,
				353A6B8D2BB6358100B09B0A /* Assets.xcassets in Resources */,
			);
			runOnlyForDeploymentPostprocessing = 0;
		};
		353A6B992BB635C600B09B0A /* Resources */ = {
			isa = PBXResourcesBuildPhase;
			buildActionMask = 2147483647;
			files = (
			);
			runOnlyForDeploymentPostprocessing = 0;
		};
/* End PBXResourcesBuildPhase section */

/* Begin PBXSourcesBuildPhase section */
		353A6B812BB6358000B09B0A /* Sources */ = {
			isa = PBXSourcesBuildPhase;
			buildActionMask = 2147483647;
			files = (
				353A6B8B2BB6358000B09B0A /* ContentView.swift in Sources */,
				353A6B892BB6358000B09B0A /* XIAssistantApp.swift in Sources */,
			);
			runOnlyForDeploymentPostprocessing = 0;
		};
		353A6B972BB635C600B09B0A /* Sources */ = {
			isa = PBXSourcesBuildPhase;
			buildActionMask = 2147483647;
			files = (
				3579AE562BB9F33400ABE5B2 /* XCSourceEditorCommand+Extension.swift in Sources */,
				353A6BA32BB635C600B09B0A /* SourceEditorExtension.swift in Sources */,
				353A6BB32BB64E1000B09B0A /* Array+Extensions.swift in Sources */,
				353A6BA52BB635C600B09B0A /* DocumentCodeCommand.swift in Sources */,
				353A6BB82BB8ABFC00B09B0A /* GenerateCodeCommand.swift in Sources */,
				353A6BB62BB8695100B09B0A /* CodeSelection.swift in Sources */,
				353A6BBA2BB8BC9400B09B0A /* AssistantProvider.swift in Sources */,
			);
			runOnlyForDeploymentPostprocessing = 0;
		};
/* End PBXSourcesBuildPhase section */

/* Begin PBXTargetDependency section */
		353A6BA92BB635C600B09B0A /* PBXTargetDependency */ = {
			isa = PBXTargetDependency;
			target = 353A6B9A2BB635C600B09B0A /* XIAssistantPlugin */;
			targetProxy = 353A6BA82BB635C600B09B0A /* PBXContainerItemProxy */;
		};
/* End PBXTargetDependency section */

/* Begin XCBuildConfiguration section */
		353A6B922BB6358100B09B0A /* Debug */ = {
			isa = XCBuildConfiguration;
			buildSettings = {
				ALWAYS_SEARCH_USER_PATHS = NO;
				ASSETCATALOG_COMPILER_GENERATE_SWIFT_ASSET_SYMBOL_EXTENSIONS = YES;
				CLANG_ANALYZER_NONNULL = YES;
				CLANG_ANALYZER_NUMBER_OBJECT_CONVERSION = YES_AGGRESSIVE;
				CLANG_CXX_LANGUAGE_STANDARD = "gnu++20";
				CLANG_ENABLE_MODULES = YES;
				CLANG_ENABLE_OBJC_ARC = YES;
				CLANG_ENABLE_OBJC_WEAK = YES;
				CLANG_WARN_BLOCK_CAPTURE_AUTORELEASING = YES;
				CLANG_WARN_BOOL_CONVERSION = YES;
				CLANG_WARN_COMMA = YES;
				CLANG_WARN_CONSTANT_CONVERSION = YES;
				CLANG_WARN_DEPRECATED_OBJC_IMPLEMENTATIONS = YES;
				CLANG_WARN_DIRECT_OBJC_ISA_USAGE = YES_ERROR;
				CLANG_WARN_DOCUMENTATION_COMMENTS = YES;
				CLANG_WARN_EMPTY_BODY = YES;
				CLANG_WARN_ENUM_CONVERSION = YES;
				CLANG_WARN_INFINITE_RECURSION = YES;
				CLANG_WARN_INT_CONVERSION = YES;
				CLANG_WARN_NON_LITERAL_NULL_CONVERSION = YES;
				CLANG_WARN_OBJC_IMPLICIT_RETAIN_SELF = YES;
				CLANG_WARN_OBJC_LITERAL_CONVERSION = YES;
				CLANG_WARN_OBJC_ROOT_CLASS = YES_ERROR;
				CLANG_WARN_QUOTED_INCLUDE_IN_FRAMEWORK_HEADER = YES;
				CLANG_WARN_RANGE_LOOP_ANALYSIS = YES;
				CLANG_WARN_STRICT_PROTOTYPES = YES;
				CLANG_WARN_SUSPICIOUS_MOVE = YES;
				CLANG_WARN_UNGUARDED_AVAILABILITY = YES_AGGRESSIVE;
				CLANG_WARN_UNREACHABLE_CODE = YES;
				CLANG_WARN__DUPLICATE_METHOD_MATCH = YES;
				COPY_PHASE_STRIP = NO;
				DEBUG_INFORMATION_FORMAT = dwarf;
				ENABLE_STRICT_OBJC_MSGSEND = YES;
				ENABLE_TESTABILITY = YES;
				ENABLE_USER_SCRIPT_SANDBOXING = YES;
				GCC_C_LANGUAGE_STANDARD = gnu17;
				GCC_DYNAMIC_NO_PIC = NO;
				GCC_NO_COMMON_BLOCKS = YES;
				GCC_OPTIMIZATION_LEVEL = 0;
				GCC_PREPROCESSOR_DEFINITIONS = (
					"DEBUG=1",
					"$(inherited)",
				);
				GCC_WARN_64_TO_32_BIT_CONVERSION = YES;
				GCC_WARN_ABOUT_RETURN_TYPE = YES_ERROR;
				GCC_WARN_UNDECLARED_SELECTOR = YES;
				GCC_WARN_UNINITIALIZED_AUTOS = YES_AGGRESSIVE;
				GCC_WARN_UNUSED_FUNCTION = YES;
				GCC_WARN_UNUSED_VARIABLE = YES;
				LOCALIZATION_PREFERS_STRING_CATALOGS = YES;
				MACOSX_DEPLOYMENT_TARGET = 14.4;
				MTL_ENABLE_DEBUG_INFO = INCLUDE_SOURCE;
				MTL_FAST_MATH = YES;
				ONLY_ACTIVE_ARCH = YES;
				SDKROOT = macosx;
				SWIFT_ACTIVE_COMPILATION_CONDITIONS = "DEBUG $(inherited)";
				SWIFT_OPTIMIZATION_LEVEL = "-Onone";
			};
			name = Debug;
		};
		353A6B932BB6358100B09B0A /* Release */ = {
			isa = XCBuildConfiguration;
			buildSettings = {
				ALWAYS_SEARCH_USER_PATHS = NO;
				ASSETCATALOG_COMPILER_GENERATE_SWIFT_ASSET_SYMBOL_EXTENSIONS = YES;
				CLANG_ANALYZER_NONNULL = YES;
				CLANG_ANALYZER_NUMBER_OBJECT_CONVERSION = YES_AGGRESSIVE;
				CLANG_CXX_LANGUAGE_STANDARD = "gnu++20";
				CLANG_ENABLE_MODULES = YES;
				CLANG_ENABLE_OBJC_ARC = YES;
				CLANG_ENABLE_OBJC_WEAK = YES;
				CLANG_WARN_BLOCK_CAPTURE_AUTORELEASING = YES;
				CLANG_WARN_BOOL_CONVERSION = YES;
				CLANG_WARN_COMMA = YES;
				CLANG_WARN_CONSTANT_CONVERSION = YES;
				CLANG_WARN_DEPRECATED_OBJC_IMPLEMENTATIONS = YES;
				CLANG_WARN_DIRECT_OBJC_ISA_USAGE = YES_ERROR;
				CLANG_WARN_DOCUMENTATION_COMMENTS = YES;
				CLANG_WARN_EMPTY_BODY = YES;
				CLANG_WARN_ENUM_CONVERSION = YES;
				CLANG_WARN_INFINITE_RECURSION = YES;
				CLANG_WARN_INT_CONVERSION = YES;
				CLANG_WARN_NON_LITERAL_NULL_CONVERSION = YES;
				CLANG_WARN_OBJC_IMPLICIT_RETAIN_SELF = YES;
				CLANG_WARN_OBJC_LITERAL_CONVERSION = YES;
				CLANG_WARN_OBJC_ROOT_CLASS = YES_ERROR;
				CLANG_WARN_QUOTED_INCLUDE_IN_FRAMEWORK_HEADER = YES;
				CLANG_WARN_RANGE_LOOP_ANALYSIS = YES;
				CLANG_WARN_STRICT_PROTOTYPES = YES;
				CLANG_WARN_SUSPICIOUS_MOVE = YES;
				CLANG_WARN_UNGUARDED_AVAILABILITY = YES_AGGRESSIVE;
				CLANG_WARN_UNREACHABLE_CODE = YES;
				CLANG_WARN__DUPLICATE_METHOD_MATCH = YES;
				COPY_PHASE_STRIP = NO;
				DEBUG_INFORMATION_FORMAT = "dwarf-with-dsym";
				ENABLE_NS_ASSERTIONS = NO;
				ENABLE_STRICT_OBJC_MSGSEND = YES;
				ENABLE_USER_SCRIPT_SANDBOXING = YES;
				GCC_C_LANGUAGE_STANDARD = gnu17;
				GCC_NO_COMMON_BLOCKS = YES;
				GCC_WARN_64_TO_32_BIT_CONVERSION = YES;
				GCC_WARN_ABOUT_RETURN_TYPE = YES_ERROR;
				GCC_WARN_UNDECLARED_SELECTOR = YES;
				GCC_WARN_UNINITIALIZED_AUTOS = YES_AGGRESSIVE;
				GCC_WARN_UNUSED_FUNCTION = YES;
				GCC_WARN_UNUSED_VARIABLE = YES;
				LOCALIZATION_PREFERS_STRING_CATALOGS = YES;
				MACOSX_DEPLOYMENT_TARGET = 14.4;
				MTL_ENABLE_DEBUG_INFO = NO;
				MTL_FAST_MATH = YES;
				SDKROOT = macosx;
				SWIFT_COMPILATION_MODE = wholemodule;
			};
			name = Release;
		};
		353A6B952BB6358100B09B0A /* Debug */ = {
			isa = XCBuildConfiguration;
			buildSettings = {
				ALWAYS_EMBED_SWIFT_STANDARD_LIBRARIES = YES;
				ASSETCATALOG_COMPILER_APPICON_NAME = AppIcon;
				ASSETCATALOG_COMPILER_GLOBAL_ACCENT_COLOR_NAME = AccentColor;
				CODE_SIGN_ENTITLEMENTS = XIAssistant/App.entitlements;
				CODE_SIGN_STYLE = Automatic;
				COMBINE_HIDPI_IMAGES = YES;
				CURRENT_PROJECT_VERSION = 1;
				DEVELOPMENT_ASSET_PATHS = "\"XIAssistant/Preview Content\"";
				DEVELOPMENT_TEAM = GG5VUFSQ87;
				ENABLE_PREVIEWS = YES;
				GENERATE_INFOPLIST_FILE = YES;
				INFOPLIST_KEY_CFBundleDisplayName = "Xcode IA Assistant";
				INFOPLIST_KEY_NSHumanReadableCopyright = "";
				LD_RUNPATH_SEARCH_PATHS = (
					"$(inherited)",
					"@executable_path/../Frameworks",
				);
				MARKETING_VERSION = 1.0;
				PRODUCT_BUNDLE_IDENTIFIER = com.codename.XIAssistant;
				PRODUCT_NAME = "$(TARGET_NAME)";
				SWIFT_EMIT_LOC_STRINGS = YES;
				SWIFT_VERSION = 5.0;
			};
			name = Debug;
		};
		353A6B962BB6358100B09B0A /* Release */ = {
			isa = XCBuildConfiguration;
			buildSettings = {
				ALWAYS_EMBED_SWIFT_STANDARD_LIBRARIES = YES;
				ASSETCATALOG_COMPILER_APPICON_NAME = AppIcon;
				ASSETCATALOG_COMPILER_GLOBAL_ACCENT_COLOR_NAME = AccentColor;
				CODE_SIGN_ENTITLEMENTS = XIAssistant/App.entitlements;
				CODE_SIGN_STYLE = Automatic;
				COMBINE_HIDPI_IMAGES = YES;
				CURRENT_PROJECT_VERSION = 1;
				DEVELOPMENT_ASSET_PATHS = "\"XIAssistant/Preview Content\"";
				DEVELOPMENT_TEAM = GG5VUFSQ87;
				ENABLE_PREVIEWS = YES;
				GENERATE_INFOPLIST_FILE = YES;
				INFOPLIST_KEY_CFBundleDisplayName = "Xcode IA Assistant";
				INFOPLIST_KEY_NSHumanReadableCopyright = "";
				LD_RUNPATH_SEARCH_PATHS = (
					"$(inherited)",
					"@executable_path/../Frameworks",
				);
				MARKETING_VERSION = 1.0;
				PRODUCT_BUNDLE_IDENTIFIER = com.codename.XIAssistant;
				PRODUCT_NAME = "$(TARGET_NAME)";
				SWIFT_EMIT_LOC_STRINGS = YES;
				SWIFT_VERSION = 5.0;
			};
			name = Release;
		};
		353A6BAC2BB635C600B09B0A /* Debug */ = {
			isa = XCBuildConfiguration;
			buildSettings = {
				CODE_SIGN_ENTITLEMENTS = XIAssistantPlugin/Plugin.entitlements;
				CODE_SIGN_STYLE = Automatic;
				COMBINE_HIDPI_IMAGES = YES;
				CURRENT_PROJECT_VERSION = 1;
				DEVELOPMENT_TEAM = GG5VUFSQ87;
				GENERATE_INFOPLIST_FILE = YES;
				INFOPLIST_FILE = XIAssistantPlugin/Info.plist;
				INFOPLIST_KEY_CFBundleDisplayName = XIAssistantPlugin;
				INFOPLIST_KEY_NSHumanReadableCopyright = "";
				LD_RUNPATH_SEARCH_PATHS = (
					"$(inherited)",
					"@executable_path/../Frameworks",
					"@executable_path/../../../../Frameworks",
				);
				MARKETING_VERSION = 1.0;
				PRODUCT_BUNDLE_IDENTIFIER = com.codename.XIAssistantXIAssistantPlugin;
				PRODUCT_NAME = "Local IA Assistant";
				SKIP_INSTALL = YES;
				SWIFT_EMIT_LOC_STRINGS = YES;
				SWIFT_VERSION = 5.0;
			};
			name = Debug;
		};
		353A6BAD2BB635C600B09B0A /* Release */ = {
			isa = XCBuildConfiguration;
			buildSettings = {
				CODE_SIGN_ENTITLEMENTS = XIAssistantPlugin/Plugin.entitlements;
				CODE_SIGN_STYLE = Automatic;
				COMBINE_HIDPI_IMAGES = YES;
				CURRENT_PROJECT_VERSION = 1;
				DEVELOPMENT_TEAM = GG5VUFSQ87;
				GENERATE_INFOPLIST_FILE = YES;
				INFOPLIST_FILE = XIAssistantPlugin/Info.plist;
				INFOPLIST_KEY_CFBundleDisplayName = XIAssistantPlugin;
				INFOPLIST_KEY_NSHumanReadableCopyright = "";
				LD_RUNPATH_SEARCH_PATHS = (
					"$(inherited)",
					"@executable_path/../Frameworks",
					"@executable_path/../../../../Frameworks",
				);
				MARKETING_VERSION = 1.0;
				PRODUCT_BUNDLE_IDENTIFIER = com.codename.XIAssistantXIAssistantPlugin;
				PRODUCT_NAME = "Local IA Assistant";
				SKIP_INSTALL = YES;
				SWIFT_EMIT_LOC_STRINGS = YES;
				SWIFT_VERSION = 5.0;
			};
			name = Release;
		};
/* End XCBuildConfiguration section */

/* Begin XCConfigurationList section */
		353A6B802BB6358000B09B0A /* Build configuration list for PBXProject "XIAssistant" */ = {
			isa = XCConfigurationList;
			buildConfigurations = (
				353A6B922BB6358100B09B0A /* Debug */,
				353A6B932BB6358100B09B0A /* Release */,
			);
			defaultConfigurationIsVisible = 0;
			defaultConfigurationName = Release;
		};
		353A6B942BB6358100B09B0A /* Build configuration list for PBXNativeTarget "XIAssistant" */ = {
			isa = XCConfigurationList;
			buildConfigurations = (
				353A6B952BB6358100B09B0A /* Debug */,
				353A6B962BB6358100B09B0A /* Release */,
			);
			defaultConfigurationIsVisible = 0;
			defaultConfigurationName = Release;
		};
		353A6BAB2BB635C600B09B0A /* Build configuration list for PBXNativeTarget "XIAssistantPlugin" */ = {
			isa = XCConfigurationList;
			buildConfigurations = (
				353A6BAC2BB635C600B09B0A /* Debug */,
				353A6BAD2BB635C600B09B0A /* Release */,
			);
			defaultConfigurationIsVisible = 0;
			defaultConfigurationName = Release;
		};
/* End XCConfigurationList section */
	};
	rootObject = 353A6B7D2BB6358000B09B0A /* Project object */;
}
